
Microsoft Visual Studio Solution File, Format Version 12.00
# Visual Studio Express 2012 for Web
Project("{F184B08F-C81C-45F6-A57F-5ABD9991F28F}") = "SisGiCont", "SisGiCont\SisGiCont.vbproj", "{2C52E999-69BE-4D8B-835A-7FEE1144E4C5}"
EndProject
Project("{F184B08F-C81C-45F6-A57F-5ABD9991F28F}") = "SC.DataAccess", "DataAccess\SC.DataAccess.vbproj", "{C1D8C218-D925-4676-B80F-10F72B1E95F2}"
EndProject
Project("{F184B08F-C81C-45F6-A57F-5ABD9991F28F}") = "SC.Business", "Business\SC.Business.vbproj", "{2EE58B5C-584A-41CA-8707-9770D6E7466F}"
EndProject
Project("{F184B08F-C81C-45F6-A57F-5ABD9991F28F}") = "SC.Entities", "Entities\SC.Entities.vbproj", "{9DFF86A1-C449-414B-A82D-AE4BC805E41C}"
EndProject
Project("{F184B08F-C81C-45F6-A57F-5ABD9991F28F}") = "SC.Exceptions", "SC.Exceptions\SC.Exceptions.vbproj", "{38BCE977-F636-460F-B09F-B8B7EA9D3E3D}"
EndProject
Global
	GlobalSection(SolutionConfigurationPlatforms) = preSolution
		Debug|Any CPU = Debug|Any CPU
		Release|Any CPU = Release|Any CPU
	EndGlobalSection
	GlobalSection(ProjectConfigurationPlatforms) = postSolution
		{2C52E999-69BE-4D8B-835A-7FEE1144E4C5}.Debug|Any CPU.ActiveCfg = Debug|Any CPU
		{2C52E999-69BE-4D8B-835A-7FEE1144E4C5}.Debug|Any CPU.Build.0 = Debug|Any CPU
		{2C52E999-69BE-4D8B-835A-7FEE1144E4C5}.Release|Any CPU.ActiveCfg = Release|Any CPU
		{2C52E999-69BE-4D8B-835A-7FEE1144E4C5}.Release|Any CPU.Build.0 = Release|Any CPU
		{C1D8C218-D925-4676-B80F-10F72B1E95F2}.Debug|Any CPU.ActiveCfg = Debug|Any CPU
		{C1D8C218-D925-4676-B80F-10F72B1E95F2}.Debug|Any CPU.Build.0 = Debug|Any CPU
		{C1D8C218-D925-4676-B80F-10F72B1E95F2}.Release|Any CPU.ActiveCfg = Release|Any CPU
		{C1D8C218-D925-4676-B80F-10F72B1E95F2}.Release|Any CPU.Build.0 = Release|Any CPU
		{2EE58B5C-584A-41CA-8707-9770D6E7466F}.Debug|Any CPU.ActiveCfg = Debug|Any CPU
		{2EE58B5C-584A-41CA-8707-9770D6E7466F}.Debug|Any CPU.Build.0 = Debug|Any CPU
		{2EE58B5C-584A-41CA-8707-9770D6E7466F}.Release|Any CPU.ActiveCfg = Release|Any CPU
		{2EE58B5C-584A-41CA-8707-9770D6E7466F}.Release|Any CPU.Build.0 = Release|Any CPU
		{9DFF86A1-C449-414B-A82D-AE4BC805E41C}.Debug|Any CPU.ActiveCfg = Debug|Any CPU
		{9DFF86A1-C449-414B-A82D-AE4BC805E41C}.Debug|Any CPU.Build.0 = Debug|Any CPU
		{9DFF86A1-C449-414B-A82D-AE4BC805E41C}.Release|Any CPU.ActiveCfg = Release|Any CPU
		{9DFF86A1-C449-414B-A82D-AE4BC805E41C}.Release|Any CPU.Build.0 = Release|Any CPU
		{38BCE977-F636-460F-B09F-B8B7EA9D3E3D}.Debug|Any CPU.ActiveCfg = Debug|Any CPU
		{38BCE977-F636-460F-B09F-B8B7EA9D3E3D}.Debug|Any CPU.Build.0 = Debug|Any CPU
		{38BCE977-F636-460F-B09F-B8B7EA9D3E3D}.Release|Any CPU.ActiveCfg = Release|Any CPU
		{38BCE977-F636-460F-B09F-B8B7EA9D3E3D}.Release|Any CPU.Build.0 = Release|Any CPU
	EndGlobalSection
	GlobalSection(SolutionProperties) = preSolution
		HideSolutionNode = FALSE
	EndGlobalSection
EndGlobal
